{
    "_meta": {
        "hash": {
            "sha256": "918c6c13ebb64f353a22712f92de64ee798ad71729c5b8e55781c0f9bc4e25fc"
        },
        "pipfile-spec": 6,
        "requires": {
            "python_version": "3.11"
        },
        "sources": [
            {
                "name": "pypi",
                "url": "https://pypi.org/simple",
                "verify_ssl": true
            }
        ]
    },
    "default": {
        "fastcore": {
            "hashes": [
                "sha256:a7d7e89faf968f2d8584df2deca344c3974f6cf476e1299cd3c067d8fa7440e9",
                "sha256:f1a2eb04eb7933f3f9eb4064852817df44dc96e20fab5658c14c035815269a3f"
            ],
            "markers": "python_version >= '3.7'",
            "version": "==1.5.29"
        },
        "ghapi": {
            "hashes": [
                "sha256:9e7632c762d6f9c288e3b046b2d58c2f7992dda7c925683df435440912b10625",
                "sha256:cb5c7008a89c270157adbaf5b2fd6951e9d9fc76131b9bec16118a558a6a4c04"
            ],
            "index": "pypi",
            "version": "==1.0.4"
        },
        "packaging": {
            "hashes": [
                "sha256:994793af429502c4ea2ebf6bf664629d07c1a9fe974af92966e4b8d2df7edc61",
                "sha256:a392980d2b6cffa644431898be54b0045151319d1e7ec34f0cfed48767dd334f"
            ],
            "markers": "python_version >= '3.7'",
            "version": "==23.1"
        },
        "pip": {
            "hashes": [
                "sha256:78e5353a9dda374b462f2054f83a7b63f3f065c98236a68361845c1b0ee7e35f",
                "sha256:a160a170f3331d9ca1a0247eb1cd79c758879f1f81158f9cd05bbb5df80bea5c"
            ],
            "markers": "python_version >= '3.7'",
            "version": "==23.2"
        },
        "python-dotenv": {
            "hashes": [
                "sha256:a8df96034aae6d2d50a4ebe8216326c61c3eb64836776504fcca410e5937a3ba",
                "sha256:f5971a9226b701070a4bf2c38c89e5a3f0d64de8debda981d1db98583009122a"
            ],
            "index": "pypi",
            "version": "==1.0.0"
        }
    },
    "develop": {}
}
